
Microsoft Visual Studio Solution File, Format Version 12.00
# Visual Studio Version 17
VisualStudioVersion = 17.0.32112.339
MinimumVisualStudioVersion = 10.0.40219.1
Project("{FAE04EC0-301F-11D3-BF4B-00C04F79EFBC}") = "Student_Programming", "Student_Programming\Student_Programming.csproj", "{2BB6DBFA-C253-4600-B272-63DB6CAB81E8}"
EndProject
Project("{FAE04EC0-301F-11D3-BF4B-00C04F79EFBC}") = "Song_Programming", "Song_Programming\Song_Programming.csproj", "{040DE61C-A29C-41EA-AC16-E78544859315}"
EndProject
Project("{FAE04EC0-301F-11D3-BF4B-00C04F79EFBC}") = "Fraction_Programming", "Fraction_Programming\Fraction_Programming.csproj", "{CAC2F067-9C88-4708-B0F8-701E6998DACF}"
EndProject
Project("{FAE04EC0-301F-11D3-BF4B-00C04F79EFBC}") = "Dice_Programming", "Dice_Programming\Dice_Programming.csproj", "{E9E789EF-E349-4BEF-90B7-9C19D32037A0}"
EndProject
Project("{9A19103F-16F7-4668-BE54-9A1E7A4F7556}") = "HW_29.1.2023_Task1", "HW_29.1.2023_Task1\HW_29.1.2023_Task1.csproj", "{8295FFD8-28C3-4BE5-8E95-4DA18ACC0F83}"
EndProject
Project("{9A19103F-16F7-4668-BE54-9A1E7A4F7556}") = "HW_29.1.2023_Task2", "HW_29.1.2023_Task2\HW_29.1.2023_Task2.csproj", "{2BEE300D-14F4-4F7F-824C-1163CA9A8A6A}"
EndProject
Project("{9A19103F-16F7-4668-BE54-9A1E7A4F7556}") = "HW_29.1.2023_Task3", "HW_29.1.2023_Task3\HW_29.1.2023_Task3.csproj", "{0DA741EE-4989-4EA7-BE95-A7B94D2DE4EC}"
EndProject
Project("{9A19103F-16F7-4668-BE54-9A1E7A4F7556}") = "HW_29.1.2023_Task4", "HW_29.1.2023_Task4\HW_29.1.2023_Task4.csproj", "{03B1E49C-EEA3-4AB7-9A58-EC17A086735C}"
EndProject
Project("{9A19103F-16F7-4668-BE54-9A1E7A4F7556}") = "HW_2.2.2023_Task1", "HW_2.2.2023_Task1\HW_2.2.2023_Task1.csproj", "{E84FCF9C-0F28-49A7-93E8-19975705A769}"
EndProject
Project("{FAE04EC0-301F-11D3-BF4B-00C04F79EFBC}") = "HW_6.2.2023_Task1", "HW_6.2.2023_Task1\HW_6.2.2023_Task1.csproj", "{4BF10EE9-C6D5-4B01-A653-78F8C1F35368}"
EndProject
Global
	GlobalSection(SolutionConfigurationPlatforms) = preSolution
		Debug|Any CPU = Debug|Any CPU
		Release|Any CPU = Release|Any CPU
	EndGlobalSection
	GlobalSection(ProjectConfigurationPlatforms) = postSolution
		{2BB6DBFA-C253-4600-B272-63DB6CAB81E8}.Debug|Any CPU.ActiveCfg = Debug|Any CPU
		{2BB6DBFA-C253-4600-B272-63DB6CAB81E8}.Debug|Any CPU.Build.0 = Debug|Any CPU
		{2BB6DBFA-C253-4600-B272-63DB6CAB81E8}.Release|Any CPU.ActiveCfg = Release|Any CPU
		{2BB6DBFA-C253-4600-B272-63DB6CAB81E8}.Release|Any CPU.Build.0 = Release|Any CPU
		{040DE61C-A29C-41EA-AC16-E78544859315}.Debug|Any CPU.ActiveCfg = Debug|Any CPU
		{040DE61C-A29C-41EA-AC16-E78544859315}.Debug|Any CPU.Build.0 = Debug|Any CPU
		{040DE61C-A29C-41EA-AC16-E78544859315}.Release|Any CPU.ActiveCfg = Release|Any CPU
		{040DE61C-A29C-41EA-AC16-E78544859315}.Release|Any CPU.Build.0 = Release|Any CPU
		{CAC2F067-9C88-4708-B0F8-701E6998DACF}.Debug|Any CPU.ActiveCfg = Debug|Any CPU
		{CAC2F067-9C88-4708-B0F8-701E6998DACF}.Debug|Any CPU.Build.0 = Debug|Any CPU
		{CAC2F067-9C88-4708-B0F8-701E6998DACF}.Release|Any CPU.ActiveCfg = Release|Any CPU
		{CAC2F067-9C88-4708-B0F8-701E6998DACF}.Release|Any CPU.Build.0 = Release|Any CPU
		{E9E789EF-E349-4BEF-90B7-9C19D32037A0}.Debug|Any CPU.ActiveCfg = Debug|Any CPU
		{E9E789EF-E349-4BEF-90B7-9C19D32037A0}.Debug|Any CPU.Build.0 = Debug|Any CPU
		{E9E789EF-E349-4BEF-90B7-9C19D32037A0}.Release|Any CPU.ActiveCfg = Release|Any CPU
		{E9E789EF-E349-4BEF-90B7-9C19D32037A0}.Release|Any CPU.Build.0 = Release|Any CPU
		{8295FFD8-28C3-4BE5-8E95-4DA18ACC0F83}.Debug|Any CPU.ActiveCfg = Debug|Any CPU
		{8295FFD8-28C3-4BE5-8E95-4DA18ACC0F83}.Debug|Any CPU.Build.0 = Debug|Any CPU
		{8295FFD8-28C3-4BE5-8E95-4DA18ACC0F83}.Release|Any CPU.ActiveCfg = Release|Any CPU
		{8295FFD8-28C3-4BE5-8E95-4DA18ACC0F83}.Release|Any CPU.Build.0 = Release|Any CPU
		{2BEE300D-14F4-4F7F-824C-1163CA9A8A6A}.Debug|Any CPU.ActiveCfg = Debug|Any CPU
		{2BEE300D-14F4-4F7F-824C-1163CA9A8A6A}.Debug|Any CPU.Build.0 = Debug|Any CPU
		{2BEE300D-14F4-4F7F-824C-1163CA9A8A6A}.Release|Any CPU.ActiveCfg = Release|Any CPU
		{2BEE300D-14F4-4F7F-824C-1163CA9A8A6A}.Release|Any CPU.Build.0 = Release|Any CPU
		{0DA741EE-4989-4EA7-BE95-A7B94D2DE4EC}.Debug|Any CPU.ActiveCfg = Debug|Any CPU
		{0DA741EE-4989-4EA7-BE95-A7B94D2DE4EC}.Debug|Any CPU.Build.0 = Debug|Any CPU
		{0DA741EE-4989-4EA7-BE95-A7B94D2DE4EC}.Release|Any CPU.ActiveCfg = Release|Any CPU
		{0DA741EE-4989-4EA7-BE95-A7B94D2DE4EC}.Release|Any CPU.Build.0 = Release|Any CPU
		{03B1E49C-EEA3-4AB7-9A58-EC17A086735C}.Debug|Any CPU.ActiveCfg = Debug|Any CPU
		{03B1E49C-EEA3-4AB7-9A58-EC17A086735C}.Debug|Any CPU.Build.0 = Debug|Any CPU
		{03B1E49C-EEA3-4AB7-9A58-EC17A086735C}.Release|Any CPU.ActiveCfg = Release|Any CPU
		{03B1E49C-EEA3-4AB7-9A58-EC17A086735C}.Release|Any CPU.Build.0 = Release|Any CPU
		{E84FCF9C-0F28-49A7-93E8-19975705A769}.Debug|Any CPU.ActiveCfg = Debug|Any CPU
		{E84FCF9C-0F28-49A7-93E8-19975705A769}.Debug|Any CPU.Build.0 = Debug|Any CPU
		{E84FCF9C-0F28-49A7-93E8-19975705A769}.Release|Any CPU.ActiveCfg = Release|Any CPU
		{E84FCF9C-0F28-49A7-93E8-19975705A769}.Release|Any CPU.Build.0 = Release|Any CPU
		{4BF10EE9-C6D5-4B01-A653-78F8C1F35368}.Debug|Any CPU.ActiveCfg = Debug|Any CPU
		{4BF10EE9-C6D5-4B01-A653-78F8C1F35368}.Debug|Any CPU.Build.0 = Debug|Any CPU
		{4BF10EE9-C6D5-4B01-A653-78F8C1F35368}.Release|Any CPU.ActiveCfg = Release|Any CPU
		{4BF10EE9-C6D5-4B01-A653-78F8C1F35368}.Release|Any CPU.Build.0 = Release|Any CPU
	EndGlobalSection
	GlobalSection(SolutionProperties) = preSolution
		HideSolutionNode = FALSE
	EndGlobalSection
	GlobalSection(ExtensibilityGlobals) = postSolution
		SolutionGuid = {E110406D-B6B4-444E-BDF0-22834B137603}
	EndGlobalSection
EndGlobal
